// !$*UTF8*$!
{
	archiveVersion = 1;
	classes = {
	};
	objectVersion = 51;
	objects = {

/* Begin PBXBuildFile section */
		1651439ADF5C2856334CED96 /* Pods_DevHouseAdmin.framework in Frameworks */ = {isa = PBXBuildFile; fileRef = 1EB8DD522F274DAB6D62A4DA /* Pods_DevHouseAdmin.framework */; };
		99B794734508B34A531566AB /* Pods_DevHouse.framework in Frameworks */ = {isa = PBXBuildFile; fileRef = 52446119182B9F4EE5BAA6F0 /* Pods_DevHouse.framework */; };
		F6A05D5F26F396190040F079 /* ProductVC.swift in Sources */ = {isa = PBXBuildFile; fileRef = F6A05D5E26F396190040F079 /* ProductVC.swift */; };
		F6A05D6326F3A4C50040F079 /* ProductCell.xib in Resources */ = {isa = PBXBuildFile; fileRef = F6A05D6126F3A4C50040F079 /* ProductCell.xib */; };
		F6AC43F326F24BE4008A8ED8 /* AppDelegate.swift in Sources */ = {isa = PBXBuildFile; fileRef = F6AC43F226F24BE4008A8ED8 /* AppDelegate.swift */; };
		F6AC43F526F24BE4008A8ED8 /* SceneDelegate.swift in Sources */ = {isa = PBXBuildFile; fileRef = F6AC43F426F24BE4008A8ED8 /* SceneDelegate.swift */; };
		F6AC43F726F24BE4008A8ED8 /* HomeVC.swift in Sources */ = {isa = PBXBuildFile; fileRef = F6AC43F626F24BE4008A8ED8 /* HomeVC.swift */; };
		F6AC43FA26F24BE4008A8ED8 /* Main.storyboard in Resources */ = {isa = PBXBuildFile; fileRef = F6AC43F826F24BE4008A8ED8 /* Main.storyboard */; };
		F6AC43FC26F24BE5008A8ED8 /* Assets.xcassets in Resources */ = {isa = PBXBuildFile; fileRef = F6AC43FB26F24BE5008A8ED8 /* Assets.xcassets */; };
		F6AC43FF26F24BE5008A8ED8 /* LaunchScreen.storyboard in Resources */ = {isa = PBXBuildFile; fileRef = F6AC43FD26F24BE5008A8ED8 /* LaunchScreen.storyboard */; };
		F6AC440D26F24BFD008A8ED8 /* AppDelegate.swift in Sources */ = {isa = PBXBuildFile; fileRef = F6AC440C26F24BFD008A8ED8 /* AppDelegate.swift */; };
		F6AC440F26F24BFD008A8ED8 /* SceneDelegate.swift in Sources */ = {isa = PBXBuildFile; fileRef = F6AC440E26F24BFD008A8ED8 /* SceneDelegate.swift */; };
		F6AC441126F24BFD008A8ED8 /* ViewController.swift in Sources */ = {isa = PBXBuildFile; fileRef = F6AC441026F24BFD008A8ED8 /* ViewController.swift */; };
		F6AC441426F24BFD008A8ED8 /* Main.storyboard in Resources */ = {isa = PBXBuildFile; fileRef = F6AC441226F24BFD008A8ED8 /* Main.storyboard */; };
		F6AC441926F24C01008A8ED8 /* LaunchScreen.storyboard in Resources */ = {isa = PBXBuildFile; fileRef = F6AC441726F24C01008A8ED8 /* LaunchScreen.storyboard */; };
		F6AC441F26F24C1E008A8ED8 /* Assets.xcassets in Resources */ = {isa = PBXBuildFile; fileRef = F6AC43FB26F24BE5008A8ED8 /* Assets.xcassets */; };
		F6AC442126F25A3D008A8ED8 /* GoogleService-Info.plist in Resources */ = {isa = PBXBuildFile; fileRef = F6AC442026F25A3D008A8ED8 /* GoogleService-Info.plist */; };
		F6AC442326F25BCE008A8ED8 /* GoogleService-Info.plist in Resources */ = {isa = PBXBuildFile; fileRef = F6AC442226F25BCE008A8ED8 /* GoogleService-Info.plist */; };
		F6AC442726F2FA40008A8ED8 /* FirstoreService.swift in Sources */ = {isa = PBXBuildFile; fileRef = F6AC442626F2FA40008A8ED8 /* FirstoreService.swift */; };
		F6AC442926F35FD9008A8ED8 /* CategoryModel.swift in Sources */ = {isa = PBXBuildFile; fileRef = F6AC442826F35FD8008A8ED8 /* CategoryModel.swift */; };
		F6AC442A26F35FDD008A8ED8 /* CategoryModel.swift in Sources */ = {isa = PBXBuildFile; fileRef = F6AC442826F35FD8008A8ED8 /* CategoryModel.swift */; };
		F6AC442E26F361B4008A8ED8 /* CategoryCell.swift in Sources */ = {isa = PBXBuildFile; fileRef = F6AC442C26F361B4008A8ED8 /* CategoryCell.swift */; };
		F6AC442F26F361B4008A8ED8 /* CategoryCell.swift in Sources */ = {isa = PBXBuildFile; fileRef = F6AC442C26F361B4008A8ED8 /* CategoryCell.swift */; };
		F6AC443026F361B4008A8ED8 /* CategoryCell.xib in Resources */ = {isa = PBXBuildFile; fileRef = F6AC442D26F361B4008A8ED8 /* CategoryCell.xib */; };
		F6AC443126F361B4008A8ED8 /* CategoryCell.xib in Resources */ = {isa = PBXBuildFile; fileRef = F6AC442D26F361B4008A8ED8 /* CategoryCell.xib */; };
		F6AC443326F36601008A8ED8 /* Constants.swift in Sources */ = {isa = PBXBuildFile; fileRef = F6AC443226F36601008A8ED8 /* Constants.swift */; };
		F6AC443426F36601008A8ED8 /* Constants.swift in Sources */ = {isa = PBXBuildFile; fileRef = F6AC443226F36601008A8ED8 /* Constants.swift */; };
		F6AC443826F36DAA008A8ED8 /* ProductModel.swift in Sources */ = {isa = PBXBuildFile; fileRef = F6AC443726F36DAA008A8ED8 /* ProductModel.swift */; };
		F6AC443926F36DAA008A8ED8 /* ProductModel.swift in Sources */ = {isa = PBXBuildFile; fileRef = F6AC443726F36DAA008A8ED8 /* ProductModel.swift */; };
		F6AC443C26F36EB3008A8ED8 /* ProductCell.swift in Sources */ = {isa = PBXBuildFile; fileRef = F6AC443A26F36EB3008A8ED8 /* ProductCell.swift */; };
		F6AC443D26F36EB3008A8ED8 /* ProductCell.swift in Sources */ = {isa = PBXBuildFile; fileRef = F6AC443A26F36EB3008A8ED8 /* ProductCell.swift */; };
		F6AC444126F370E2008A8ED8 /* RoundedShadowView.swift in Sources */ = {isa = PBXBuildFile; fileRef = F6AC444026F370E2008A8ED8 /* RoundedShadowView.swift */; };
		F6AC444226F370E2008A8ED8 /* RoundedShadowView.swift in Sources */ = {isa = PBXBuildFile; fileRef = F6AC444026F370E2008A8ED8 /* RoundedShadowView.swift */; };
/* End PBXBuildFile section */

/* Begin PBXFileReference section */
		1EB8DD522F274DAB6D62A4DA /* Pods_DevHouseAdmin.framework */ = {isa = PBXFileReference; explicitFileType = wrapper.framework; includeInIndex = 0; path = Pods_DevHouseAdmin.framework; sourceTree = BUILT_PRODUCTS_DIR; };
		3FE0AB736E5A6852B24283C0 /* Pods-DevHouse.debug.xcconfig */ = {isa = PBXFileReference; includeInIndex = 1; lastKnownFileType = text.xcconfig; name = "Pods-DevHouse.debug.xcconfig"; path = "Target Support Files/Pods-DevHouse/Pods-DevHouse.debug.xcconfig"; sourceTree = "<group>"; };
		52446119182B9F4EE5BAA6F0 /* Pods_DevHouse.framework */ = {isa = PBXFileReference; explicitFileType = wrapper.framework; includeInIndex = 0; path = Pods_DevHouse.framework; sourceTree = BUILT_PRODUCTS_DIR; };
		6D7221344C043AE75794C0B5 /* Pods-DevHouseAdmin.debug.xcconfig */ = {isa = PBXFileReference; includeInIndex = 1; lastKnownFileType = text.xcconfig; name = "Pods-DevHouseAdmin.debug.xcconfig"; path = "Target Support Files/Pods-DevHouseAdmin/Pods-DevHouseAdmin.debug.xcconfig"; sourceTree = "<group>"; };
		9BD4CD68AE552A690FF850E2 /* Pods-DevHouse.release.xcconfig */ = {isa = PBXFileReference; includeInIndex = 1; lastKnownFileType = text.xcconfig; name = "Pods-DevHouse.release.xcconfig"; path = "Target Support Files/Pods-DevHouse/Pods-DevHouse.release.xcconfig"; sourceTree = "<group>"; };
		9D0FF4E1DB87A97601167F98 /* Pods-DevHouseAdmin.release.xcconfig */ = {isa = PBXFileReference; includeInIndex = 1; lastKnownFileType = text.xcconfig; name = "Pods-DevHouseAdmin.release.xcconfig"; path = "Target Support Files/Pods-DevHouseAdmin/Pods-DevHouseAdmin.release.xcconfig"; sourceTree = "<group>"; };
		F6A05D5E26F396190040F079 /* ProductVC.swift */ = {isa = PBXFileReference; lastKnownFileType = sourcecode.swift; path = ProductVC.swift; sourceTree = "<group>"; };
		F6A05D6126F3A4C50040F079 /* ProductCell.xib */ = {isa = PBXFileReference; lastKnownFileType = file.xib; path = ProductCell.xib; sourceTree = "<group>"; };
		F6AC43EF26F24BE4008A8ED8 /* DevHouse.app */ = {isa = PBXFileReference; explicitFileType = wrapper.application; includeInIndex = 0; path = DevHouse.app; sourceTree = BUILT_PRODUCTS_DIR; };
		F6AC43F226F24BE4008A8ED8 /* AppDelegate.swift */ = {isa = PBXFileReference; lastKnownFileType = sourcecode.swift; path = AppDelegate.swift; sourceTree = "<group>"; };
		F6AC43F426F24BE4008A8ED8 /* SceneDelegate.swift */ = {isa = PBXFileReference; lastKnownFileType = sourcecode.swift; path = SceneDelegate.swift; sourceTree = "<group>"; };
		F6AC43F626F24BE4008A8ED8 /* HomeVC.swift */ = {isa = PBXFileReference; lastKnownFileType = sourcecode.swift; path = HomeVC.swift; sourceTree = "<group>"; };
		F6AC43F926F24BE4008A8ED8 /* Base */ = {isa = PBXFileReference; lastKnownFileType = file.storyboard; name = Base; path = Base.lproj/Main.storyboard; sourceTree = "<group>"; };
		F6AC43FB26F24BE5008A8ED8 /* Assets.xcassets */ = {isa = PBXFileReference; lastKnownFileType = folder.assetcatalog; path = Assets.xcassets; sourceTree = "<group>"; };
		F6AC43FE26F24BE5008A8ED8 /* Base */ = {isa = PBXFileReference; lastKnownFileType = file.storyboard; name = Base; path = Base.lproj/LaunchScreen.storyboard; sourceTree = "<group>"; };
		F6AC440026F24BE5008A8ED8 /* Info.plist */ = {isa = PBXFileReference; lastKnownFileType = text.plist.xml; path = Info.plist; sourceTree = "<group>"; };
		F6AC440A26F24BFD008A8ED8 /* DevHouseAdmin.app */ = {isa = PBXFileReference; explicitFileType = wrapper.application; includeInIndex = 0; path = DevHouseAdmin.app; sourceTree = BUILT_PRODUCTS_DIR; };
		F6AC440C26F24BFD008A8ED8 /* AppDelegate.swift */ = {isa = PBXFileReference; lastKnownFileType = sourcecode.swift; path = AppDelegate.swift; sourceTree = "<group>"; };
		F6AC440E26F24BFD008A8ED8 /* SceneDelegate.swift */ = {isa = PBXFileReference; lastKnownFileType = sourcecode.swift; path = SceneDelegate.swift; sourceTree = "<group>"; };
		F6AC441026F24BFD008A8ED8 /* ViewController.swift */ = {isa = PBXFileReference; lastKnownFileType = sourcecode.swift; path = ViewController.swift; sourceTree = "<group>"; };
		F6AC441326F24BFD008A8ED8 /* Base */ = {isa = PBXFileReference; lastKnownFileType = file.storyboard; name = Base; path = Base.lproj/Main.storyboard; sourceTree = "<group>"; };
		F6AC441826F24C01008A8ED8 /* Base */ = {isa = PBXFileReference; lastKnownFileType = file.storyboard; name = Base; path = Base.lproj/LaunchScreen.storyboard; sourceTree = "<group>"; };
		F6AC441A26F24C01008A8ED8 /* Info.plist */ = {isa = PBXFileReference; lastKnownFileType = text.plist.xml; path = Info.plist; sourceTree = "<group>"; };
		F6AC442026F25A3D008A8ED8 /* GoogleService-Info.plist */ = {isa = PBXFileReference; fileEncoding = 4; lastKnownFileType = text.plist.xml; path = "GoogleService-Info.plist"; sourceTree = "<group>"; };
		F6AC442226F25BCE008A8ED8 /* GoogleService-Info.plist */ = {isa = PBXFileReference; fileEncoding = 4; lastKnownFileType = text.plist.xml; path = "GoogleService-Info.plist"; sourceTree = "<group>"; };
		F6AC442626F2FA40008A8ED8 /* FirstoreService.swift */ = {isa = PBXFileReference; lastKnownFileType = sourcecode.swift; path = FirstoreService.swift; sourceTree = "<group>"; };
		F6AC442826F35FD8008A8ED8 /* CategoryModel.swift */ = {isa = PBXFileReference; lastKnownFileType = sourcecode.swift; path = CategoryModel.swift; sourceTree = "<group>"; };
		F6AC442C26F361B4008A8ED8 /* CategoryCell.swift */ = {isa = PBXFileReference; lastKnownFileType = sourcecode.swift; path = CategoryCell.swift; sourceTree = "<group>"; };
		F6AC442D26F361B4008A8ED8 /* CategoryCell.xib */ = {isa = PBXFileReference; lastKnownFileType = file.xib; path = CategoryCell.xib; sourceTree = "<group>"; };
		F6AC443226F36601008A8ED8 /* Constants.swift */ = {isa = PBXFileReference; lastKnownFileType = sourcecode.swift; path = Constants.swift; sourceTree = "<group>"; };
		F6AC443726F36DAA008A8ED8 /* ProductModel.swift */ = {isa = PBXFileReference; lastKnownFileType = sourcecode.swift; path = ProductModel.swift; sourceTree = "<group>"; };
		F6AC443A26F36EB3008A8ED8 /* ProductCell.swift */ = {isa = PBXFileReference; lastKnownFileType = sourcecode.swift; path = ProductCell.swift; sourceTree = "<group>"; };
		F6AC444026F370E2008A8ED8 /* RoundedShadowView.swift */ = {isa = PBXFileReference; lastKnownFileType = sourcecode.swift; path = RoundedShadowView.swift; sourceTree = "<group>"; };
/* End PBXFileReference section */

/* Begin PBXFrameworksBuildPhase section */
		F6AC43EC26F24BE4008A8ED8 /* Frameworks */ = {
			isa = PBXFrameworksBuildPhase;
			buildActionMask = 2147483647;
			files = (
				99B794734508B34A531566AB /* Pods_DevHouse.framework in Frameworks */,
			);
			runOnlyForDeploymentPostprocessing = 0;
		};
		F6AC440726F24BFD008A8ED8 /* Frameworks */ = {
			isa = PBXFrameworksBuildPhase;
			buildActionMask = 2147483647;
			files = (
				1651439ADF5C2856334CED96 /* Pods_DevHouseAdmin.framework in Frameworks */,
			);
			runOnlyForDeploymentPostprocessing = 0;
		};
/* End PBXFrameworksBuildPhase section */

/* Begin PBXGroup section */
		D5F26EB963CDA7C3EED1A090 /* Frameworks */ = {
			isa = PBXGroup;
			children = (
				52446119182B9F4EE5BAA6F0 /* Pods_DevHouse.framework */,
				1EB8DD522F274DAB6D62A4DA /* Pods_DevHouseAdmin.framework */,
			);
			name = Frameworks;
			sourceTree = "<group>";
		};
		E4411C2085A48ADC0A70CBF5 /* Pods */ = {
			isa = PBXGroup;
			children = (
				3FE0AB736E5A6852B24283C0 /* Pods-DevHouse.debug.xcconfig */,
				9BD4CD68AE552A690FF850E2 /* Pods-DevHouse.release.xcconfig */,
				6D7221344C043AE75794C0B5 /* Pods-DevHouseAdmin.debug.xcconfig */,
				9D0FF4E1DB87A97601167F98 /* Pods-DevHouseAdmin.release.xcconfig */,
			);
			path = Pods;
			sourceTree = "<group>";
		};
		F6AC43E626F24BE3008A8ED8 = {
			isa = PBXGroup;
			children = (
				F6AC441E26F24C12008A8ED8 /* Shared */,
				F6AC43F126F24BE4008A8ED8 /* DevHouse */,
				F6AC440B26F24BFD008A8ED8 /* DevHouseAdmin */,
				F6AC43F026F24BE4008A8ED8 /* Products */,
				E4411C2085A48ADC0A70CBF5 /* Pods */,
				D5F26EB963CDA7C3EED1A090 /* Frameworks */,
			);
			sourceTree = "<group>";
		};
		F6AC43F026F24BE4008A8ED8 /* Products */ = {
			isa = PBXGroup;
			children = (
				F6AC43EF26F24BE4008A8ED8 /* DevHouse.app */,
				F6AC440A26F24BFD008A8ED8 /* DevHouseAdmin.app */,
			);
			name = Products;
			sourceTree = "<group>";
		};
		F6AC43F126F24BE4008A8ED8 /* DevHouse */ = {
			isa = PBXGroup;
			children = (
				F6AC43F226F24BE4008A8ED8 /* AppDelegate.swift */,
				F6AC43F426F24BE4008A8ED8 /* SceneDelegate.swift */,
				F6AC43F626F24BE4008A8ED8 /* HomeVC.swift */,
				F6AC43F826F24BE4008A8ED8 /* Main.storyboard */,
				F6AC43FD26F24BE5008A8ED8 /* LaunchScreen.storyboard */,
				F6AC442026F25A3D008A8ED8 /* GoogleService-Info.plist */,
				F6AC440026F24BE5008A8ED8 /* Info.plist */,
				F6AC442626F2FA40008A8ED8 /* FirstoreService.swift */,
				F6AC443526F36605008A8ED8 /* Utils */,
				F6A05D5E26F396190040F079 /* ProductVC.swift */,
			);
			path = DevHouse;
			sourceTree = "<group>";
		};
		F6AC440B26F24BFD008A8ED8 /* DevHouseAdmin */ = {
			isa = PBXGroup;
			children = (
				F6AC440C26F24BFD008A8ED8 /* AppDelegate.swift */,
				F6AC440E26F24BFD008A8ED8 /* SceneDelegate.swift */,
				F6AC441026F24BFD008A8ED8 /* ViewController.swift */,
				F6AC441226F24BFD008A8ED8 /* Main.storyboard */,
				F6AC441726F24C01008A8ED8 /* LaunchScreen.storyboard */,
				F6AC442226F25BCE008A8ED8 /* GoogleService-Info.plist */,
				F6AC441A26F24C01008A8ED8 /* Info.plist */,
			);
			path = DevHouseAdmin;
			sourceTree = "<group>";
		};
		F6AC441E26F24C12008A8ED8 /* Shared */ = {
			isa = PBXGroup;
			children = (
				F6AC442B26F3617B008A8ED8 /* Xibs */,
				F6AC43FB26F24BE5008A8ED8 /* Assets.xcassets */,
				F6AC443626F36D82008A8ED8 /* Model */,
				F6AC444026F370E2008A8ED8 /* RoundedShadowView.swift */,
			);
			path = Shared;
			sourceTree = "<group>";
		};
		F6AC442B26F3617B008A8ED8 /* Xibs */ = {
			isa = PBXGroup;
			children = (
				F6AC442C26F361B4008A8ED8 /* CategoryCell.swift */,
				F6AC442D26F361B4008A8ED8 /* CategoryCell.xib */,
				F6AC443A26F36EB3008A8ED8 /* ProductCell.swift */,
				F6A05D6126F3A4C50040F079 /* ProductCell.xib */,
			);
			path = Xibs;
			sourceTree = "<group>";
		};
		F6AC443526F36605008A8ED8 /* Utils */ = {
			isa = PBXGroup;
			children = (
				F6AC443226F36601008A8ED8 /* Constants.swift */,
			);
			path = Utils;
			sourceTree = "<group>";
		};
		F6AC443626F36D82008A8ED8 /* Model */ = {
			isa = PBXGroup;
			children = (
				F6AC442826F35FD8008A8ED8 /* CategoryModel.swift */,
				F6AC443726F36DAA008A8ED8 /* ProductModel.swift */,
			);
			path = Model;
			sourceTree = "<group>";
		};
/* End PBXGroup section */

/* Begin PBXNativeTarget section */
		F6AC43EE26F24BE4008A8ED8 /* DevHouse */ = {
			isa = PBXNativeTarget;
			buildConfigurationList = F6AC440326F24BE5008A8ED8 /* Build configuration list for PBXNativeTarget "DevHouse" */;
			buildPhases = (
				4D9377EEC9CF862C41D3CD24 /* [CP] Check Pods Manifest.lock */,
				F6AC43EB26F24BE4008A8ED8 /* Sources */,
				F6AC43EC26F24BE4008A8ED8 /* Frameworks */,
				F6AC43ED26F24BE4008A8ED8 /* Resources */,
				F45E4E0959E3F6DB4BEFBAF2 /* [CP] Embed Pods Frameworks */,
			);
			buildRules = (
			);
			dependencies = (
			);
			name = DevHouse;
			productName = DevHouse;
			productReference = F6AC43EF26F24BE4008A8ED8 /* DevHouse.app */;
			productType = "com.apple.product-type.application";
		};
		F6AC440926F24BFD008A8ED8 /* DevHouseAdmin */ = {
			isa = PBXNativeTarget;
			buildConfigurationList = F6AC441B26F24C01008A8ED8 /* Build configuration list for PBXNativeTarget "DevHouseAdmin" */;
			buildPhases = (
				560E20C338DCB4819BF86A89 /* [CP] Check Pods Manifest.lock */,
				F6AC440626F24BFD008A8ED8 /* Sources */,
				F6AC440726F24BFD008A8ED8 /* Frameworks */,
				F6AC440826F24BFD008A8ED8 /* Resources */,
				04584786F80473CF02025E8C /* [CP] Embed Pods Frameworks */,
			);
			buildRules = (
			);
			dependencies = (
			);
			name = DevHouseAdmin;
			productName = DevHouseAdmin;
			productReference = F6AC440A26F24BFD008A8ED8 /* DevHouseAdmin.app */;
			productType = "com.apple.product-type.application";
		};
/* End PBXNativeTarget section */

/* Begin PBXProject section */
		F6AC43E726F24BE3008A8ED8 /* Project object */ = {
			isa = PBXProject;
			attributes = {
				LastSwiftUpdateCheck = 1250;
				LastUpgradeCheck = 1250;
				TargetAttributes = {
					F6AC43EE26F24BE4008A8ED8 = {
						CreatedOnToolsVersion = 12.5.1;
					};
					F6AC440926F24BFD008A8ED8 = {
						CreatedOnToolsVersion = 12.5.1;
					};
				};
			};
			buildConfigurationList = F6AC43EA26F24BE3008A8ED8 /* Build configuration list for PBXProject "DevHouse" */;
			compatibilityVersion = "Xcode 9.3";
			developmentRegion = en;
			hasScannedForEncodings = 0;
			knownRegions = (
				en,
				Base,
			);
			mainGroup = F6AC43E626F24BE3008A8ED8;
			productRefGroup = F6AC43F026F24BE4008A8ED8 /* Products */;
			projectDirPath = "";
			projectRoot = "";
			targets = (
				F6AC43EE26F24BE4008A8ED8 /* DevHouse */,
				F6AC440926F24BFD008A8ED8 /* DevHouseAdmin */,
			);
		};
/* End PBXProject section */

/* Begin PBXResourcesBuildPhase section */
		F6AC43ED26F24BE4008A8ED8 /* Resources */ = {
			isa = PBXResourcesBuildPhase;
			buildActionMask = 2147483647;
			files = (
				F6AC443026F361B4008A8ED8 /* CategoryCell.xib in Resources */,
				F6AC43FF26F24BE5008A8ED8 /* LaunchScreen.storyboard in Resources */,
				F6A05D6326F3A4C50040F079 /* ProductCell.xib in Resources */,
				F6AC43FC26F24BE5008A8ED8 /* Assets.xcassets in Resources */,
				F6AC442126F25A3D008A8ED8 /* GoogleService-Info.plist in Resources */,
				F6AC43FA26F24BE4008A8ED8 /* Main.storyboard in Resources */,
			);
			runOnlyForDeploymentPostprocessing = 0;
		};
		F6AC440826F24BFD008A8ED8 /* Resources */ = {
			isa = PBXResourcesBuildPhase;
			buildActionMask = 2147483647;
			files = (
				F6AC443126F361B4008A8ED8 /* CategoryCell.xib in Resources */,
				F6AC441926F24C01008A8ED8 /* LaunchScreen.storyboard in Resources */,
				F6AC441F26F24C1E008A8ED8 /* Assets.xcassets in Resources */,
				F6AC441426F24BFD008A8ED8 /* Main.storyboard in Resources */,
				F6AC442326F25BCE008A8ED8 /* GoogleService-Info.plist in Resources */,
			);
			runOnlyForDeploymentPostprocessing = 0;
		};
/* End PBXResourcesBuildPhase section */

/* Begin PBXShellScriptBuildPhase section */
		04584786F80473CF02025E8C /* [CP] Embed Pods Frameworks */ = {
			isa = PBXShellScriptBuildPhase;
			buildActionMask = 2147483647;
			files = (
			);
			inputFileListPaths = (
				"${PODS_ROOT}/Target Support Files/Pods-DevHouseAdmin/Pods-DevHouseAdmin-frameworks-${CONFIGURATION}-input-files.xcfilelist",
			);
			name = "[CP] Embed Pods Frameworks";
			outputFileListPaths = (
				"${PODS_ROOT}/Target Support Files/Pods-DevHouseAdmin/Pods-DevHouseAdmin-frameworks-${CONFIGURATION}-output-files.xcfilelist",
			);
			runOnlyForDeploymentPostprocessing = 0;
			shellPath = /bin/sh;
			shellScript = "\"${PODS_ROOT}/Target Support Files/Pods-DevHouseAdmin/Pods-DevHouseAdmin-frameworks.sh\"\n";
			showEnvVarsInLog = 0;
		};
		4D9377EEC9CF862C41D3CD24 /* [CP] Check Pods Manifest.lock */ = {
			isa = PBXShellScriptBuildPhase;
			buildActionMask = 2147483647;
			files = (
			);
			inputFileListPaths = (
			);
			inputPaths = (
				"${PODS_PODFILE_DIR_PATH}/Podfile.lock",
				"${PODS_ROOT}/Manifest.lock",
			);
			name = "[CP] Check Pods Manifest.lock";
			outputFileListPaths = (
			);
			outputPaths = (
				"$(DERIVED_FILE_DIR)/Pods-DevHouse-checkManifestLockResult.txt",
			);
			runOnlyForDeploymentPostprocessing = 0;
			shellPath = /bin/sh;
			shellScript = "diff \"${PODS_PODFILE_DIR_PATH}/Podfile.lock\" \"${PODS_ROOT}/Manifest.lock\" > /dev/null\nif [ $? != 0 ] ; then\n    # print error to STDERR\n    echo \"error: The sandbox is not in sync with the Podfile.lock. Run 'pod install' or update your CocoaPods installation.\" >&2\n    exit 1\nfi\n# This output is used by Xcode 'outputs' to avoid re-running this script phase.\necho \"SUCCESS\" > \"${SCRIPT_OUTPUT_FILE_0}\"\n";
			showEnvVarsInLog = 0;
		};
		560E20C338DCB4819BF86A89 /* [CP] Check Pods Manifest.lock */ = {
			isa = PBXShellScriptBuildPhase;
			buildActionMask = 2147483647;
			files = (
			);
			inputFileListPaths = (
			);
			inputPaths = (
				"${PODS_PODFILE_DIR_PATH}/Podfile.lock",
				"${PODS_ROOT}/Manifest.lock",
			);
			name = "[CP] Check Pods Manifest.lock";
			outputFileListPaths = (
			);
			outputPaths = (
				"$(DERIVED_FILE_DIR)/Pods-DevHouseAdmin-checkManifestLockResult.txt",
			);
			runOnlyForDeploymentPostprocessing = 0;
			shellPath = /bin/sh;
			shellScript = "diff \"${PODS_PODFILE_DIR_PATH}/Podfile.lock\" \"${PODS_ROOT}/Manifest.lock\" > /dev/null\nif [ $? != 0 ] ; then\n    # print error to STDERR\n    echo \"error: The sandbox is not in sync with the Podfile.lock. Run 'pod install' or update your CocoaPods installation.\" >&2\n    exit 1\nfi\n# This output is used by Xcode 'outputs' to avoid re-running this script phase.\necho \"SUCCESS\" > \"${SCRIPT_OUTPUT_FILE_0}\"\n";
			showEnvVarsInLog = 0;
		};
		F45E4E0959E3F6DB4BEFBAF2 /* [CP] Embed Pods Frameworks */ = {
			isa = PBXShellScriptBuildPhase;
			buildActionMask = 2147483647;
			files = (
			);
			inputFileListPaths = (
				"${PODS_ROOT}/Target Support Files/Pods-DevHouse/Pods-DevHouse-frameworks-${CONFIGURATION}-input-files.xcfilelist",
			);
			name = "[CP] Embed Pods Frameworks";
			outputFileListPaths = (
				"${PODS_ROOT}/Target Support Files/Pods-DevHouse/Pods-DevHouse-frameworks-${CONFIGURATION}-output-files.xcfilelist",
			);
			runOnlyForDeploymentPostprocessing = 0;
			shellPath = /bin/sh;
			shellScript = "\"${PODS_ROOT}/Target Support Files/Pods-DevHouse/Pods-DevHouse-frameworks.sh\"\n";
			showEnvVarsInLog = 0;
		};
/* End PBXShellScriptBuildPhase section */

/* Begin PBXSourcesBuildPhase section */
		F6AC43EB26F24BE4008A8ED8 /* Sources */ = {
			isa = PBXSourcesBuildPhase;
			buildActionMask = 2147483647;
			files = (
				F6A05D5F26F396190040F079 /* ProductVC.swift in Sources */,
				F6AC43F726F24BE4008A8ED8 /* HomeVC.swift in Sources */,
				F6AC443826F36DAA008A8ED8 /* ProductModel.swift in Sources */,
				F6AC444126F370E2008A8ED8 /* RoundedShadowView.swift in Sources */,
				F6AC442926F35FD9008A8ED8 /* CategoryModel.swift in Sources */,
				F6AC442726F2FA40008A8ED8 /* FirstoreService.swift in Sources */,
				F6AC43F326F24BE4008A8ED8 /* AppDelegate.swift in Sources */,
				F6AC443326F36601008A8ED8 /* Constants.swift in Sources */,
				F6AC443C26F36EB3008A8ED8 /* ProductCell.swift in Sources */,
				F6AC43F526F24BE4008A8ED8 /* SceneDelegate.swift in Sources */,
				F6AC442E26F361B4008A8ED8 /* CategoryCell.swift in Sources */,
			);
			runOnlyForDeploymentPostprocessing = 0;
		};
		F6AC440626F24BFD008A8ED8 /* Sources */ = {
			isa = PBXSourcesBuildPhase;
			buildActionMask = 2147483647;
			files = (
				F6AC441126F24BFD008A8ED8 /* ViewController.swift in Sources */,
				F6AC442A26F35FDD008A8ED8 /* CategoryModel.swift in Sources */,
				F6AC440D26F24BFD008A8ED8 /* AppDelegate.swift in Sources */,
				F6AC440F26F24BFD008A8ED8 /* SceneDelegate.swift in Sources */,
				F6AC442F26F361B4008A8ED8 /* CategoryCell.swift in Sources */,
				F6AC443D26F36EB3008A8ED8 /* ProductCell.swift in Sources */,
				F6AC443426F36601008A8ED8 /* Constants.swift in Sources */,
				F6AC443926F36DAA008A8ED8 /* ProductModel.swift in Sources */,
				F6AC444226F370E2008A8ED8 /* RoundedShadowView.swift in Sources */,
			);
			runOnlyForDeploymentPostprocessing = 0;
		};
/* End PBXSourcesBuildPhase section */

/* Begin PBXVariantGroup section */
		F6AC43F826F24BE4008A8ED8 /* Main.storyboard */ = {
			isa = PBXVariantGroup;
			children = (
				F6AC43F926F24BE4008A8ED8 /* Base */,
			);
			name = Main.storyboard;
			sourceTree = "<group>";
		};
		F6AC43FD26F24BE5008A8ED8 /* LaunchScreen.storyboard */ = {
			isa = PBXVariantGroup;
			children = (
				F6AC43FE26F24BE5008A8ED8 /* Base */,
			);
			name = LaunchScreen.storyboard;
			sourceTree = "<group>";
		};
		F6AC441226F24BFD008A8ED8 /* Main.storyboard */ = {
			isa = PBXVariantGroup;
			children = (
				F6AC441326F24BFD008A8ED8 /* Base */,
			);
			name = Main.storyboard;
			sourceTree = "<group>";
		};
		F6AC441726F24C01008A8ED8 /* LaunchScreen.storyboard */ = {
			isa = PBXVariantGroup;
			children = (
				F6AC441826F24C01008A8ED8 /* Base */,
			);
			name = LaunchScreen.storyboard;
			sourceTree = "<group>";
		};
/* End PBXVariantGroup section */

/* Begin XCBuildConfiguration section */
		F6AC440126F24BE5008A8ED8 /* Debug */ = {
			isa = XCBuildConfiguration;
			buildSettings = {
				ALWAYS_SEARCH_USER_PATHS = NO;
				CLANG_ANALYZER_NONNULL = YES;
				CLANG_ANALYZER_NUMBER_OBJECT_CONVERSION = YES_AGGRESSIVE;
				CLANG_CXX_LANGUAGE_STANDARD = "gnu++14";
				CLANG_CXX_LIBRARY = "libc++";
				CLANG_ENABLE_MODULES = YES;
				CLANG_ENABLE_OBJC_ARC = YES;
				CLANG_ENABLE_OBJC_WEAK = YES;
				CLANG_WARN_BLOCK_CAPTURE_AUTORELEASING = YES;
				CLANG_WARN_BOOL_CONVERSION = YES;
				CLANG_WARN_COMMA = YES;
				CLANG_WARN_CONSTANT_CONVERSION = YES;
				CLANG_WARN_DEPRECATED_OBJC_IMPLEMENTATIONS = YES;
				CLANG_WARN_DIRECT_OBJC_ISA_USAGE = YES_ERROR;
				CLANG_WARN_DOCUMENTATION_COMMENTS = YES;
				CLANG_WARN_EMPTY_BODY = YES;
				CLANG_WARN_ENUM_CONVERSION = YES;
				CLANG_WARN_INFINITE_RECURSION = YES;
				CLANG_WARN_INT_CONVERSION = YES;
				CLANG_WARN_NON_LITERAL_NULL_CONVERSION = YES;
				CLANG_WARN_OBJC_IMPLICIT_RETAIN_SELF = YES;
				CLANG_WARN_OBJC_LITERAL_CONVERSION = YES;
				CLANG_WARN_OBJC_ROOT_CLASS = YES_ERROR;
				CLANG_WARN_QUOTED_INCLUDE_IN_FRAMEWORK_HEADER = YES;
				CLANG_WARN_RANGE_LOOP_ANALYSIS = YES;
				CLANG_WARN_STRICT_PROTOTYPES = YES;
				CLANG_WARN_SUSPICIOUS_MOVE = YES;
				CLANG_WARN_UNGUARDED_AVAILABILITY = YES_AGGRESSIVE;
				CLANG_WARN_UNREACHABLE_CODE = YES;
				CLANG_WARN__DUPLICATE_METHOD_MATCH = YES;
				COPY_PHASE_STRIP = NO;
				DEBUG_INFORMATION_FORMAT = dwarf;
				ENABLE_STRICT_OBJC_MSGSEND = YES;
				ENABLE_TESTABILITY = YES;
				GCC_C_LANGUAGE_STANDARD = gnu11;
				GCC_DYNAMIC_NO_PIC = NO;
				GCC_NO_COMMON_BLOCKS = YES;
				GCC_OPTIMIZATION_LEVEL = 0;
				GCC_PREPROCESSOR_DEFINITIONS = (
					"DEBUG=1",
					"$(inherited)",
				);
				GCC_WARN_64_TO_32_BIT_CONVERSION = YES;
				GCC_WARN_ABOUT_RETURN_TYPE = YES_ERROR;
				GCC_WARN_UNDECLARED_SELECTOR = YES;
				GCC_WARN_UNINITIALIZED_AUTOS = YES_AGGRESSIVE;
				GCC_WARN_UNUSED_FUNCTION = YES;
				GCC_WARN_UNUSED_VARIABLE = YES;
				IPHONEOS_DEPLOYMENT_TARGET = 14.5;
				MTL_ENABLE_DEBUG_INFO = INCLUDE_SOURCE;
				MTL_FAST_MATH = YES;
				ONLY_ACTIVE_ARCH = YES;
				SDKROOT = iphoneos;
				SWIFT_ACTIVE_COMPILATION_CONDITIONS = DEBUG;
				SWIFT_OPTIMIZATION_LEVEL = "-Onone";
			};
			name = Debug;
		};
		F6AC440226F24BE5008A8ED8 /* Release */ = {
			isa = XCBuildConfiguration;
			buildSettings = {
				ALWAYS_SEARCH_USER_PATHS = NO;
				CLANG_ANALYZER_NONNULL = YES;
				CLANG_ANALYZER_NUMBER_OBJECT_CONVERSION = YES_AGGRESSIVE;
				CLANG_CXX_LANGUAGE_STANDARD = "gnu++14";
				CLANG_CXX_LIBRARY = "libc++";
				CLANG_ENABLE_MODULES = YES;
				CLANG_ENABLE_OBJC_ARC = YES;
				CLANG_ENABLE_OBJC_WEAK = YES;
				CLANG_WARN_BLOCK_CAPTURE_AUTORELEASING = YES;
				CLANG_WARN_BOOL_CONVERSION = YES;
				CLANG_WARN_COMMA = YES;
				CLANG_WARN_CONSTANT_CONVERSION = YES;
				CLANG_WARN_DEPRECATED_OBJC_IMPLEMENTATIONS = YES;
				CLANG_WARN_DIRECT_OBJC_ISA_USAGE = YES_ERROR;
				CLANG_WARN_DOCUMENTATION_COMMENTS = YES;
				CLANG_WARN_EMPTY_BODY = YES;
				CLANG_WARN_ENUM_CONVERSION = YES;
				CLANG_WARN_INFINITE_RECURSION = YES;
				CLANG_WARN_INT_CONVERSION = YES;
				CLANG_WARN_NON_LITERAL_NULL_CONVERSION = YES;
				CLANG_WARN_OBJC_IMPLICIT_RETAIN_SELF = YES;
				CLANG_WARN_OBJC_LITERAL_CONVERSION = YES;
				CLANG_WARN_OBJC_ROOT_CLASS = YES_ERROR;
				CLANG_WARN_QUOTED_INCLUDE_IN_FRAMEWORK_HEADER = YES;
				CLANG_WARN_RANGE_LOOP_ANALYSIS = YES;
				CLANG_WARN_STRICT_PROTOTYPES = YES;
				CLANG_WARN_SUSPICIOUS_MOVE = YES;
				CLANG_WARN_UNGUARDED_AVAILABILITY = YES_AGGRESSIVE;
				CLANG_WARN_UNREACHABLE_CODE = YES;
				CLANG_WARN__DUPLICATE_METHOD_MATCH = YES;
				COPY_PHASE_STRIP = NO;
				DEBUG_INFORMATION_FORMAT = "dwarf-with-dsym";
				ENABLE_NS_ASSERTIONS = NO;
				ENABLE_STRICT_OBJC_MSGSEND = YES;
				GCC_C_LANGUAGE_STANDARD = gnu11;
				GCC_NO_COMMON_BLOCKS = YES;
				GCC_WARN_64_TO_32_BIT_CONVERSION = YES;
				GCC_WARN_ABOUT_RETURN_TYPE = YES_ERROR;
				GCC_WARN_UNDECLARED_SELECTOR = YES;
				GCC_WARN_UNINITIALIZED_AUTOS = YES_AGGRESSIVE;
				GCC_WARN_UNUSED_FUNCTION = YES;
				GCC_WARN_UNUSED_VARIABLE = YES;
				IPHONEOS_DEPLOYMENT_TARGET = 14.5;
				MTL_ENABLE_DEBUG_INFO = NO;
				MTL_FAST_MATH = YES;
				SDKROOT = iphoneos;
				SWIFT_COMPILATION_MODE = wholemodule;
				SWIFT_OPTIMIZATION_LEVEL = "-O";
				VALIDATE_PRODUCT = YES;
			};
			name = Release;
		};
		F6AC440426F24BE5008A8ED8 /* Debug */ = {
			isa = XCBuildConfiguration;
			baseConfigurationReference = 3FE0AB736E5A6852B24283C0 /* Pods-DevHouse.debug.xcconfig */;
			buildSettings = {
				ASSETCATALOG_COMPILER_APPICON_NAME = AppIcon;
				ASSETCATALOG_COMPILER_GLOBAL_ACCENT_COLOR_NAME = AccentColor;
				CODE_SIGN_STYLE = Automatic;
				INFOPLIST_FILE = DevHouse/Info.plist;
				LD_RUNPATH_SEARCH_PATHS = (
					"$(inherited)",
					"@executable_path/Frameworks",
				);
				PRODUCT_BUNDLE_IDENTIFIER = com.devhouse.ios;
				PRODUCT_NAME = "$(TARGET_NAME)";
				SWIFT_VERSION = 5.0;
				TARGETED_DEVICE_FAMILY = "1,2";
			};
			name = Debug;
		};
		F6AC440526F24BE5008A8ED8 /* Release */ = {
			isa = XCBuildConfiguration;
			baseConfigurationReference = 9BD4CD68AE552A690FF850E2 /* Pods-DevHouse.release.xcconfig */;
			buildSettings = {
				ASSETCATALOG_COMPILER_APPICON_NAME = AppIcon;
				ASSETCATALOG_COMPILER_GLOBAL_ACCENT_COLOR_NAME = AccentColor;
				CODE_SIGN_STYLE = Automatic;
				INFOPLIST_FILE = DevHouse/Info.plist;
				LD_RUNPATH_SEARCH_PATHS = (
					"$(inherited)",
					"@executable_path/Frameworks",
				);
				PRODUCT_BUNDLE_IDENTIFIER = com.devhouse.ios;
				PRODUCT_NAME = "$(TARGET_NAME)";
				SWIFT_VERSION = 5.0;
				TARGETED_DEVICE_FAMILY = "1,2";
			};
			name = Release;
		};
		F6AC441C26F24C01008A8ED8 /* Debug */ = {
			isa = XCBuildConfiguration;
			baseConfigurationReference = 6D7221344C043AE75794C0B5 /* Pods-DevHouseAdmin.debug.xcconfig */;
			buildSettings = {
				ASSETCATALOG_COMPILER_APPICON_NAME = AppIcon;
				ASSETCATALOG_COMPILER_GLOBAL_ACCENT_COLOR_NAME = AccentColor;
				CODE_SIGN_IDENTITY = "Apple Development";
				CODE_SIGN_STYLE = Automatic;
				DEVELOPMENT_TEAM = "";
				INFOPLIST_FILE = DevHouseAdmin/Info.plist;
				LD_RUNPATH_SEARCH_PATHS = (
					"$(inherited)",
					"@executable_path/Frameworks",
				);
				PRODUCT_BUNDLE_IDENTIFIER = com.devhouseadmin.ios;
				PRODUCT_NAME = "$(TARGET_NAME)";
				PROVISIONING_PROFILE_SPECIFIER = "";
				SWIFT_VERSION = 5.0;
				TARGETED_DEVICE_FAMILY = "1,2";
			};
			name = Debug;
		};
		F6AC441D26F24C01008A8ED8 /* Release */ = {
			isa = XCBuildConfiguration;
			baseConfigurationReference = 9D0FF4E1DB87A97601167F98 /* Pods-DevHouseAdmin.release.xcconfig */;
			buildSettings = {
				ASSETCATALOG_COMPILER_APPICON_NAME = AppIcon;
				ASSETCATALOG_COMPILER_GLOBAL_ACCENT_COLOR_NAME = AccentColor;
				CODE_SIGN_IDENTITY = "Apple Development";
				CODE_SIGN_STYLE = Automatic;
				DEVELOPMENT_TEAM = "";
				INFOPLIST_FILE = DevHouseAdmin/Info.plist;
				LD_RUNPATH_SEARCH_PATHS = (
					"$(inherited)",
					"@executable_path/Frameworks",
				);
				PRODUCT_BUNDLE_IDENTIFIER = com.devhouseadmin.ios;
				PRODUCT_NAME = "$(TARGET_NAME)";
				PROVISIONING_PROFILE_SPECIFIER = "";
				SWIFT_VERSION = 5.0;
				TARGETED_DEVICE_FAMILY = "1,2";
			};
			name = Release;
		};
/* End XCBuildConfiguration section */

/* Begin XCConfigurationList section */
		F6AC43EA26F24BE3008A8ED8 /* Build configuration list for PBXProject "DevHouse" */ = {
			isa = XCConfigurationList;
			buildConfigurations = (
				F6AC440126F24BE5008A8ED8 /* Debug */,
				F6AC440226F24BE5008A8ED8 /* Release */,
			);
			defaultConfigurationIsVisible = 0;
			defaultConfigurationName = Release;
		};
		F6AC440326F24BE5008A8ED8 /* Build configuration list for PBXNativeTarget "DevHouse" */ = {
			isa = XCConfigurationList;
			buildConfigurations = (
				F6AC440426F24BE5008A8ED8 /* Debug */,
				F6AC440526F24BE5008A8ED8 /* Release */,
			);
			defaultConfigurationIsVisible = 0;
			defaultConfigurationName = Release;
		};
		F6AC441B26F24C01008A8ED8 /* Build configuration list for PBXNativeTarget "DevHouseAdmin" */ = {
			isa = XCConfigurationList;
			buildConfigurations = (
				F6AC441C26F24C01008A8ED8 /* Debug */,
				F6AC441D26F24C01008A8ED8 /* Release */,
			);
			defaultConfigurationIsVisible = 0;
			defaultConfigurationName = Release;
		};
/* End XCConfigurationList section */
	};
	rootObject = F6AC43E726F24BE3008A8ED8 /* Project object */;
}
